// !$*UTF8*$!
{
	archiveVersion = 1;
	classes = {
	};
	objectVersion = 46;
	objects = {

/* Begin PBXBuildFile section */
		210CD665170FE5510072991C /* KSPathUtil.m in Sources */ = {isa = PBXBuildFile; fileRef = 210CD664170FE5510072991C /* KSPathUtil.m */; };
		210CD66A170FEE1D0072991C /* KSErrorHandler.m in Sources */ = {isa = PBXBuildFile; fileRef = 210CD669170FEE1D0072991C /* KSErrorHandler.m */; };
		210CD670170FFC930072991C /* KSViewController.m in Sources */ = {isa = PBXBuildFile; fileRef = 210CD66F170FFC930072991C /* KSViewController.m */; };
		21DBDBB417101FD000FD8750 /* KSExceptionHandler.m in Sources */ = {isa = PBXBuildFile; fileRef = 21DBDBB317101FD000FD8750 /* KSExceptionHandler.m */; };
		21DBDBB61710240D00FD8750 /* MessageUI.framework in Frameworks */ = {isa = PBXBuildFile; fileRef = 21DBDBB51710240D00FD8750 /* MessageUI.framework */; };
		21F7A930170FCC6400C4EA55 /* UIKit.framework in Frameworks */ = {isa = PBXBuildFile; fileRef = 21F7A92F170FCC6400C4EA55 /* UIKit.framework */; };
		21F7A932170FCC6400C4EA55 /* Foundation.framework in Frameworks */ = {isa = PBXBuildFile; fileRef = 21F7A931170FCC6400C4EA55 /* Foundation.framework */; };
		21F7A934170FCC6400C4EA55 /* CoreGraphics.framework in Frameworks */ = {isa = PBXBuildFile; fileRef = 21F7A933170FCC6400C4EA55 /* CoreGraphics.framework */; };
		21F7A93A170FCC6400C4EA55 /* InfoPlist.strings in Resources */ = {isa = PBXBuildFile; fileRef = 21F7A938170FCC6400C4EA55 /* InfoPlist.strings */; };
		21F7A93C170FCC6400C4EA55 /* main.m in Sources */ = {isa = PBXBuildFile; fileRef = 21F7A93B170FCC6400C4EA55 /* main.m */; };
		21F7A940170FCC6400C4EA55 /* KSAppDelegate.m in Sources */ = {isa = PBXBuildFile; fileRef = 21F7A93F170FCC6400C4EA55 /* KSAppDelegate.m */; };
		21F7A942170FCC6400C4EA55 /* Default.png in Resources */ = {isa = PBXBuildFile; fileRef = 21F7A941170FCC6400C4EA55 /* Default.png */; };
		21F7A944170FCC6400C4EA55 /* Default@2x.png in Resources */ = {isa = PBXBuildFile; fileRef = 21F7A943170FCC6400C4EA55 /* Default@2x.png */; };
		21F7A946170FCC6400C4EA55 /* Default-568h@2x.png in Resources */ = {isa = PBXBuildFile; fileRef = 21F7A945170FCC6400C4EA55 /* Default-568h@2x.png */; };
		21F7A949170FCC6400C4EA55 /* MainStoryboard.storyboard in Resources */ = {isa = PBXBuildFile; fileRef = 21F7A947170FCC6400C4EA55 /* MainStoryboard.storyboard */; };
		21F7A957170FCCF800C4EA55 /* KSImageCache.m in Sources */ = {isa = PBXBuildFile; fileRef = 21F7A956170FCCF800C4EA55 /* KSImageCache.m */; };
/* End PBXBuildFile section */

/* Begin PBXFileReference section */
		210CD663170FE5510072991C /* KSPathUtil.h */ = {isa = PBXFileReference; fileEncoding = 4; lastKnownFileType = sourcecode.c.h; name = KSPathUtil.h; path = KSUtilities/KSPathUtil.h; sourceTree = "<group>"; };
		210CD664170FE5510072991C /* KSPathUtil.m */ = {isa = PBXFileReference; fileEncoding = 4; lastKnownFileType = sourcecode.c.objc; name = KSPathUtil.m; path = KSUtilities/KSPathUtil.m; sourceTree = "<group>"; };
		210CD667170FE9010072991C /* KSDefines.h */ = {isa = PBXFileReference; fileEncoding = 4; lastKnownFileType = sourcecode.c.h; name = KSDefines.h; path = KSUtilities/KSDefines.h; sourceTree = "<group>"; };
		210CD668170FEE1D0072991C /* KSErrorHandler.h */ = {isa = PBXFileReference; fileEncoding = 4; lastKnownFileType = sourcecode.c.h; name = KSErrorHandler.h; path = KSUtilities/KSErrorHandler.h; sourceTree = "<group>"; };
		210CD669170FEE1D0072991C /* KSErrorHandler.m */ = {isa = PBXFileReference; fileEncoding = 4; lastKnownFileType = sourcecode.c.objc; name = KSErrorHandler.m; path = KSUtilities/KSErrorHandler.m; sourceTree = "<group>"; };
		210CD66E170FFC930072991C /* KSViewController.h */ = {isa = PBXFileReference; fileEncoding = 4; lastKnownFileType = sourcecode.c.h; name = KSViewController.h; path = Controllers/KSViewController.h; sourceTree = "<group>"; };
		210CD66F170FFC930072991C /* KSViewController.m */ = {isa = PBXFileReference; fileEncoding = 4; lastKnownFileType = sourcecode.c.objc; name = KSViewController.m; path = Controllers/KSViewController.m; sourceTree = "<group>"; };
		21DBDBB217101FD000FD8750 /* KSExceptionHandler.h */ = {isa = PBXFileReference; fileEncoding = 4; lastKnownFileType = sourcecode.c.h; name = KSExceptionHandler.h; path = KSUtilities/KSExceptionHandler.h; sourceTree = "<group>"; };
		21DBDBB317101FD000FD8750 /* KSExceptionHandler.m */ = {isa = PBXFileReference; fileEncoding = 4; lastKnownFileType = sourcecode.c.objc; name = KSExceptionHandler.m; path = KSUtilities/KSExceptionHandler.m; sourceTree = "<group>"; };
		21DBDBB51710240D00FD8750 /* MessageUI.framework */ = {isa = PBXFileReference; lastKnownFileType = wrapper.framework; name = MessageUI.framework; path = System/Library/Frameworks/MessageUI.framework; sourceTree = SDKROOT; };
		21F7A92C170FCC6400C4EA55 /* KSUtilitiesDemo.app */ = {isa = PBXFileReference; explicitFileType = wrapper.application; includeInIndex = 0; path = KSUtilitiesDemo.app; sourceTree = BUILT_PRODUCTS_DIR; };
		21F7A92F170FCC6400C4EA55 /* UIKit.framework */ = {isa = PBXFileReference; lastKnownFileType = wrapper.framework; name = UIKit.framework; path = System/Library/Frameworks/UIKit.framework; sourceTree = SDKROOT; };
		21F7A931170FCC6400C4EA55 /* Foundation.framework */ = {isa = PBXFileReference; lastKnownFileType = wrapper.framework; name = Foundation.framework; path = System/Library/Frameworks/Foundation.framework; sourceTree = SDKROOT; };
		21F7A933170FCC6400C4EA55 /* CoreGraphics.framework */ = {isa = PBXFileReference; lastKnownFileType = wrapper.framework; name = CoreGraphics.framework; path = System/Library/Frameworks/CoreGraphics.framework; sourceTree = SDKROOT; };
		21F7A937170FCC6400C4EA55 /* KSUtilitiesDemo-Info.plist */ = {isa = PBXFileReference; lastKnownFileType = text.plist.xml; path = "KSUtilitiesDemo-Info.plist"; sourceTree = "<group>"; };
		21F7A939170FCC6400C4EA55 /* en */ = {isa = PBXFileReference; lastKnownFileType = text.plist.strings; name = en; path = en.lproj/InfoPlist.strings; sourceTree = "<group>"; };
		21F7A93B170FCC6400C4EA55 /* main.m */ = {isa = PBXFileReference; lastKnownFileType = sourcecode.c.objc; path = main.m; sourceTree = "<group>"; };
		21F7A93D170FCC6400C4EA55 /* KSUtilitiesDemo-Prefix.pch */ = {isa = PBXFileReference; lastKnownFileType = sourcecode.c.h; path = "KSUtilitiesDemo-Prefix.pch"; sourceTree = "<group>"; };
		21F7A93E170FCC6400C4EA55 /* KSAppDelegate.h */ = {isa = PBXFileReference; lastKnownFileType = sourcecode.c.h; path = KSAppDelegate.h; sourceTree = "<group>"; };
		21F7A93F170FCC6400C4EA55 /* KSAppDelegate.m */ = {isa = PBXFileReference; lastKnownFileType = sourcecode.c.objc; path = KSAppDelegate.m; sourceTree = "<group>"; };
		21F7A941170FCC6400C4EA55 /* Default.png */ = {isa = PBXFileReference; lastKnownFileType = image.png; path = Default.png; sourceTree = "<group>"; };
		21F7A943170FCC6400C4EA55 /* Default@2x.png */ = {isa = PBXFileReference; lastKnownFileType = image.png; path = "Default@2x.png"; sourceTree = "<group>"; };
		21F7A945170FCC6400C4EA55 /* Default-568h@2x.png */ = {isa = PBXFileReference; lastKnownFileType = image.png; path = "Default-568h@2x.png"; sourceTree = "<group>"; };
		21F7A948170FCC6400C4EA55 /* en */ = {isa = PBXFileReference; lastKnownFileType = file.storyboard; name = en; path = en.lproj/MainStoryboard.storyboard; sourceTree = "<group>"; };
		21F7A955170FCCF800C4EA55 /* KSImageCache.h */ = {isa = PBXFileReference; fileEncoding = 4; lastKnownFileType = sourcecode.c.h; name = KSImageCache.h; path = KSUtilities/KSImageCache.h; sourceTree = "<group>"; };
		21F7A956170FCCF800C4EA55 /* KSImageCache.m */ = {isa = PBXFileReference; fileEncoding = 4; lastKnownFileType = sourcecode.c.objc; name = KSImageCache.m; path = KSUtilities/KSImageCache.m; sourceTree = "<group>"; };
		21F7A95D170FCFD400C4EA55 /* KSLog.h */ = {isa = PBXFileReference; fileEncoding = 4; lastKnownFileType = sourcecode.c.h; name = KSLog.h; path = KSUtilities/KSLog.h; sourceTree = "<group>"; };
/* End PBXFileReference section */

/* Begin PBXFrameworksBuildPhase section */
		21F7A929170FCC6400C4EA55 /* Frameworks */ = {
			isa = PBXFrameworksBuildPhase;
			buildActionMask = 2147483647;
			files = (
				21DBDBB61710240D00FD8750 /* MessageUI.framework in Frameworks */,
				21F7A930170FCC6400C4EA55 /* UIKit.framework in Frameworks */,
				21F7A932170FCC6400C4EA55 /* Foundation.framework in Frameworks */,
				21F7A934170FCC6400C4EA55 /* CoreGraphics.framework in Frameworks */,
			);
			runOnlyForDeploymentPostprocessing = 0;
		};
/* End PBXFrameworksBuildPhase section */

/* Begin PBXGroup section */
		21F7A923170FCC6400C4EA55 = {
			isa = PBXGroup;
			children = (
				21F7A935170FCC6400C4EA55 /* KSUtilitiesDemo */,
				21F7A92E170FCC6400C4EA55 /* Frameworks */,
				21F7A92D170FCC6400C4EA55 /* Products */,
			);
			sourceTree = "<group>";
		};
		21F7A92D170FCC6400C4EA55 /* Products */ = {
			isa = PBXGroup;
			children = (
				21F7A92C170FCC6400C4EA55 /* KSUtilitiesDemo.app */,
			);
			name = Products;
			sourceTree = "<group>";
		};
		21F7A92E170FCC6400C4EA55 /* Frameworks */ = {
			isa = PBXGroup;
			children = (
				21DBDBB51710240D00FD8750 /* MessageUI.framework */,
				21F7A92F170FCC6400C4EA55 /* UIKit.framework */,
				21F7A931170FCC6400C4EA55 /* Foundation.framework */,
				21F7A933170FCC6400C4EA55 /* CoreGraphics.framework */,
			);
			name = Frameworks;
			sourceTree = "<group>";
		};
		21F7A935170FCC6400C4EA55 /* KSUtilitiesDemo */ = {
			isa = PBXGroup;
			children = (
				21F7A93E170FCC6400C4EA55 /* KSAppDelegate.h */,
				21F7A93F170FCC6400C4EA55 /* KSAppDelegate.m */,
				21F7A953170FCC8D00C4EA55 /* KSUtilities */,
				21F7A954170FCC9600C4EA55 /* Controllers */,
				21F7A952170FCC7300C4EA55 /* Nibs */,
				21F7A95F170FD38700C4EA55 /* Resource */,
				21F7A936170FCC6400C4EA55 /* Supporting Files */,
			);
			path = KSUtilitiesDemo;
			sourceTree = "<group>";
		};
		21F7A936170FCC6400C4EA55 /* Supporting Files */ = {
			isa = PBXGroup;
			children = (
				21F7A941170FCC6400C4EA55 /* Default.png */,
				21F7A943170FCC6400C4EA55 /* Default@2x.png */,
				21F7A945170FCC6400C4EA55 /* Default-568h@2x.png */,
				21F7A937170FCC6400C4EA55 /* KSUtilitiesDemo-Info.plist */,
				21F7A938170FCC6400C4EA55 /* InfoPlist.strings */,
				21F7A93B170FCC6400C4EA55 /* main.m */,
				21F7A93D170FCC6400C4EA55 /* KSUtilitiesDemo-Prefix.pch */,
			);
			name = "Supporting Files";
			sourceTree = "<group>";
		};
		21F7A952170FCC7300C4EA55 /* Nibs */ = {
			isa = PBXGroup;
			children = (
				21F7A947170FCC6400C4EA55 /* MainStoryboard.storyboard */,
			);
			name = Nibs;
			sourceTree = "<group>";
		};
		21F7A953170FCC8D00C4EA55 /* KSUtilities */ = {
			isa = PBXGroup;
			children = (
				210CD667170FE9010072991C /* KSDefines.h */,
				21F7A95D170FCFD400C4EA55 /* KSLog.h */,
				21F7A955170FCCF800C4EA55 /* KSImageCache.h */,
				21F7A956170FCCF800C4EA55 /* KSImageCache.m */,
				210CD663170FE5510072991C /* KSPathUtil.h */,
				210CD664170FE5510072991C /* KSPathUtil.m */,
				210CD668170FEE1D0072991C /* KSErrorHandler.h */,
				210CD669170FEE1D0072991C /* KSErrorHandler.m */,
				21DBDBB217101FD000FD8750 /* KSExceptionHandler.h */,
				21DBDBB317101FD000FD8750 /* KSExceptionHandler.m */,
			);
			name = KSUtilities;
			sourceTree = "<group>";
		};
		21F7A954170FCC9600C4EA55 /* Controllers */ = {
			isa = PBXGroup;
			children = (
				210CD66E170FFC930072991C /* KSViewController.h */,
				210CD66F170FFC930072991C /* KSViewController.m */,
			);
			name = Controllers;
			sourceTree = "<group>";
		};
		21F7A95F170FD38700C4EA55 /* Resource */ = {
			isa = PBXGroup;
			children = (
				21F7A960170FD39B00C4EA55 /* Images */,
			);
			name = Resource;
			sourceTree = "<group>";
		};
		21F7A960170FD39B00C4EA55 /* Images */ = {
			isa = PBXGroup;
			children = (
			);
			name = Images;
			sourceTree = "<group>";
		};
/* End PBXGroup section */

/* Begin PBXNativeTarget section */
		21F7A92B170FCC6400C4EA55 /* KSUtilitiesDemo */ = {
			isa = PBXNativeTarget;
			buildConfigurationList = 21F7A94F170FCC6400C4EA55 /* Build configuration list for PBXNativeTarget "KSUtilitiesDemo" */;
			buildPhases = (
				21F7A928170FCC6400C4EA55 /* Sources */,
				21F7A929170FCC6400C4EA55 /* Frameworks */,
				21F7A92A170FCC6400C4EA55 /* Resources */,
			);
			buildRules = (
			);
			dependencies = (
			);
			name = KSUtilitiesDemo;
			productName = KSUtilitiesDemo;
			productReference = 21F7A92C170FCC6400C4EA55 /* KSUtilitiesDemo.app */;
			productType = "com.apple.product-type.application";
		};
/* End PBXNativeTarget section */

/* Begin PBXProject section */
		21F7A924170FCC6400C4EA55 /* Project object */ = {
			isa = PBXProject;
			attributes = {
				CLASSPREFIX = KS;
				LastUpgradeCheck = 0460;
				ORGANIZATIONNAME = "kesalin@gmail.com";
			};
			buildConfigurationList = 21F7A927170FCC6400C4EA55 /* Build configuration list for PBXProject "KSUtilitiesDemo" */;
			compatibilityVersion = "Xcode 3.2";
			developmentRegion = English;
			hasScannedForEncodings = 0;
			knownRegions = (
				en,
			);
			mainGroup = 21F7A923170FCC6400C4EA55;
			productRefGroup = 21F7A92D170FCC6400C4EA55 /* Products */;
			projectDirPath = "";
			projectRoot = "";
			targets = (
				21F7A92B170FCC6400C4EA55 /* KSUtilitiesDemo */,
			);
		};
/* End PBXProject section */

/* Begin PBXResourcesBuildPhase section */
		21F7A92A170FCC6400C4EA55 /* Resources */ = {
			isa = PBXResourcesBuildPhase;
			buildActionMask = 2147483647;
			files = (
				21F7A93A170FCC6400C4EA55 /* InfoPlist.strings in Resources */,
				21F7A942170FCC6400C4EA55 /* Default.png in Resources */,
				21F7A944170FCC6400C4EA55 /* Default@2x.png in Resources */,
				21F7A946170FCC6400C4EA55 /* Default-568h@2x.png in Resources */,
				21F7A949170FCC6400C4EA55 /* MainStoryboard.storyboard in Resources */,
			);
			runOnlyForDeploymentPostprocessing = 0;
		};
/* End PBXResourcesBuildPhase section */

/* Begin PBXSourcesBuildPhase section */
		21F7A928170FCC6400C4EA55 /* Sources */ = {
			isa = PBXSourcesBuildPhase;
			buildActionMask = 2147483647;
			files = (
				21F7A93C170FCC6400C4EA55 /* main.m in Sources */,
				21F7A940170FCC6400C4EA55 /* KSAppDelegate.m in Sources */,
				21F7A957170FCCF800C4EA55 /* KSImageCache.m in Sources */,
				210CD665170FE5510072991C /* KSPathUtil.m in Sources */,
				210CD66A170FEE1D0072991C /* KSErrorHandler.m in Sources */,
				210CD670170FFC930072991C /* KSViewController.m in Sources */,
				21DBDBB417101FD000FD8750 /* KSExceptionHandler.m in Sources */,
			);
			runOnlyForDeploymentPostprocessing = 0;
		};
/* End PBXSourcesBuildPhase section */

/* Begin PBXVariantGroup section */
		21F7A938170FCC6400C4EA55 /* InfoPlist.strings */ = {
			isa = PBXVariantGroup;
			children = (
				21F7A939170FCC6400C4EA55 /* en */,
			);
			name = InfoPlist.strings;
			sourceTree = "<group>";
		};
		21F7A947170FCC6400C4EA55 /* MainStoryboard.storyboard */ = {
			isa = PBXVariantGroup;
			children = (
				21F7A948170FCC6400C4EA55 /* en */,
			);
			name = MainStoryboard.storyboard;
			sourceTree = "<group>";
		};
/* End PBXVariantGroup section */

/* Begin XCBuildConfiguration section */
		21F7A94D170FCC6400C4EA55 /* Debug */ = {
			isa = XCBuildConfiguration;
			buildSettings = {
				ALWAYS_SEARCH_USER_PATHS = NO;
				CLANG_CXX_LANGUAGE_STANDARD = "gnu++0x";
				CLANG_CXX_LIBRARY = "libc++";
				CLANG_ENABLE_OBJC_ARC = YES;
				CLANG_WARN_CONSTANT_CONVERSION = YES;
				CLANG_WARN_EMPTY_BODY = YES;
				CLANG_WARN_ENUM_CONVERSION = YES;
				CLANG_WARN_INT_CONVERSION = YES;
				CLANG_WARN__DUPLICATE_METHOD_MATCH = YES;
				"CODE_SIGN_IDENTITY[sdk=iphoneos*]" = "iPhone Developer";
				COPY_PHASE_STRIP = NO;
				GCC_C_LANGUAGE_STANDARD = gnu99;
				GCC_DYNAMIC_NO_PIC = NO;
				GCC_OPTIMIZATION_LEVEL = 0;
				GCC_PREPROCESSOR_DEFINITIONS = (
					"DEBUG=1",
					"$(inherited)",
				);
				GCC_SYMBOLS_PRIVATE_EXTERN = NO;
				GCC_WARN_ABOUT_RETURN_TYPE = YES;
				GCC_WARN_UNINITIALIZED_AUTOS = YES;
				GCC_WARN_UNUSED_VARIABLE = YES;
				IPHONEOS_DEPLOYMENT_TARGET = 6.1;
				ONLY_ACTIVE_ARCH = YES;
				SDKROOT = iphoneos;
			};
			name = Debug;
		};
		21F7A94E170FCC6400C4EA55 /* Release */ = {
			isa = XCBuildConfiguration;
			buildSettings = {
				ALWAYS_SEARCH_USER_PATHS = NO;
				CLANG_CXX_LANGUAGE_STANDARD = "gnu++0x";
				CLANG_CXX_LIBRARY = "libc++";
				CLANG_ENABLE_OBJC_ARC = YES;
				CLANG_WARN_CONSTANT_CONVERSION = YES;
				CLANG_WARN_EMPTY_BODY = YES;
				CLANG_WARN_ENUM_CONVERSION = YES;
				CLANG_WARN_INT_CONVERSION = YES;
				CLANG_WARN__DUPLICATE_METHOD_MATCH = YES;
				"CODE_SIGN_IDENTITY[sdk=iphoneos*]" = "iPhone Developer";
				COPY_PHASE_STRIP = YES;
				GCC_C_LANGUAGE_STANDARD = gnu99;
				GCC_WARN_ABOUT_RETURN_TYPE = YES;
				GCC_WARN_UNINITIALIZED_AUTOS = YES;
				GCC_WARN_UNUSED_VARIABLE = YES;
				IPHONEOS_DEPLOYMENT_TARGET = 6.1;
				OTHER_CFLAGS = "-DNS_BLOCK_ASSERTIONS=1";
				SDKROOT = iphoneos;
				VALIDATE_PRODUCT = YES;
			};
			name = Release;
		};
		21F7A950170FCC6400C4EA55 /* Debug */ = {
			isa = XCBuildConfiguration;
			buildSettings = {
				GCC_PRECOMPILE_PREFIX_HEADER = YES;
				GCC_PREFIX_HEADER = "KSUtilitiesDemo/KSUtilitiesDemo-Prefix.pch";
				INFOPLIST_FILE = "KSUtilitiesDemo/KSUtilitiesDemo-Info.plist";
				PRODUCT_NAME = "$(TARGET_NAME)";
				WRAPPER_EXTENSION = app;
			};
			name = Debug;
		};
		21F7A951170FCC6400C4EA55 /* Release */ = {
			isa = XCBuildConfiguration;
			buildSettings = {
				GCC_PRECOMPILE_PREFIX_HEADER = YES;
				GCC_PREFIX_HEADER = "KSUtilitiesDemo/KSUtilitiesDemo-Prefix.pch";
				INFOPLIST_FILE = "KSUtilitiesDemo/KSUtilitiesDemo-Info.plist";
				PRODUCT_NAME = "$(TARGET_NAME)";
				WRAPPER_EXTENSION = app;
			};
			name = Release;
		};
/* End XCBuildConfiguration section */

/* Begin XCConfigurationList section */
		21F7A927170FCC6400C4EA55 /* Build configuration list for PBXProject "KSUtilitiesDemo" */ = {
			isa = XCConfigurationList;
			buildConfigurations = (
				21F7A94D170FCC6400C4EA55 /* Debug */,
				21F7A94E170FCC6400C4EA55 /* Release */,
			);
			defaultConfigurationIsVisible = 0;
			defaultConfigurationName = Release;
		};
		21F7A94F170FCC6400C4EA55 /* Build configuration list for PBXNativeTarget "KSUtilitiesDemo" */ = {
			isa = XCConfigurationList;
			buildConfigurations = (
				21F7A950170FCC6400C4EA55 /* Debug */,
				21F7A951170FCC6400C4EA55 /* Release */,
			);
			defaultConfigurationIsVisible = 0;
			defaultConfigurationName = Release;
		};
/* End XCConfigurationList section */
	};
	rootObject = 21F7A924170FCC6400C4EA55 /* Project object */;
}
